
Microsoft Visual Studio Solution File, Format Version 12.00
# Visual Studio 15
VisualStudioVersion = 15.0.26730.16
MinimumVisualStudioVersion = 10.0.40219.1
Project("{888888A0-9F3D-457C-B088-3A5042F75D52}") = "ImageClassifier", "CatClassifier\ImageClassifier.pyproj", "{0B38EDE6-25B6-48EC-9EC2-63858643D893}"
EndProject
Global
	GlobalSection(SolutionConfigurationPlatforms) = preSolution
		Debug|Any CPU = Debug|Any CPU
		Release|Any CPU = Release|Any CPU
	EndGlobalSection
	GlobalSection(ProjectConfigurationPlatforms) = postSolution
		{0B38EDE6-25B6-48EC-9EC2-63858643D893}.Debug|Any CPU.ActiveCfg = Debug|Any CPU
		{0B38EDE6-25B6-48EC-9EC2-63858643D893}.Release|Any CPU.ActiveCfg = Release|Any CPU
	EndGlobalSection
	GlobalSection(SolutionProperties) = preSolution
		HideSolutionNode = FALSE
	EndGlobalSection
	GlobalSection(ExtensibilityGlobals) = postSolution
		SolutionGuid = {F5CC2A4E-360E-4A2E-BAD3-9900245DD4AE}
	EndGlobalSection
EndGlobal
